PODS:
  - ActiveLabel (0.6.2)
  - Alamofire (3.5.1)
  - AlamofireImage (2.5.0):
    - Alamofire (~> 3.5)
  - Firebase/AdMob (3.7.0):
    - Firebase/Core
    - Google-Mobile-Ads-SDK (= 7.12.1)
  - Firebase/Core (3.7.0):
    - FirebaseAnalytics (= 3.4.3)
    - FirebaseCore (= 3.4.3)
  - FirebaseAnalytics (3.4.3):
    - FirebaseCore (~> 3.4)
    - FirebaseInstanceID (~> 1.0)
    - GoogleInterchangeUtilities (~> 1.2)
    - GoogleSymbolUtilities (~> 1.1)
    - GoogleUtilities (~> 1.3)
  - FirebaseCore (3.4.3):
    - GoogleInterchangeUtilities (~> 1.2)
    - GoogleUtilities (~> 1.2)
  - FirebaseInstanceID (1.0.8)
  - Google-Mobile-Ads-SDK (7.12.1)
  - Google/Analytics (3.0.3):
    - Google/Core
    - GoogleAnalytics (~> 3.12)
  - Google/Core (3.0.3):
    - FirebaseAnalytics (~> 3.2)
  - GoogleAnalytics (3.17.0)
  - GoogleInterchangeUtilities (1.2.2):
    - GoogleSymbolUtilities (~> 1.1)
  - GoogleSymbolUtilities (1.1.2)
  - GoogleUtilities (1.3.2):
    - GoogleSymbolUtilities (~> 1.1)
  - iOSLogEntries (1.2)
  - KDEAudioPlayer (0.9.1)

DEPENDENCIES:
  - ActiveLabel
  - Alamofire (~> 3.0)
  - AlamofireImage (~> 2.0)
  - Firebase/AdMob
  - Firebase/Core
  - Google/Analytics
  - iOSLogEntries
  - KDEAudioPlayer

SPEC CHECKSUMS:
  ActiveLabel: 2394eb48a2e31644ea90d6543c17bffe1d06f549
  Alamofire: 0dfba1184a543e2aa160f4e39cac4e8aba48d223
  AlamofireImage: 2d34936e5201270bb17a316a786e90e83b4a249d
  Firebase: 3875e140d77c7572c6d4852faf94144ffcdb0704
  FirebaseAnalytics: 02d0aed8c6246a9c8683ac3e9825c67ceb657bde
  FirebaseCore: 5a885548bbc5f0c410b04f8e9ac9d73ff1221907
  FirebaseInstanceID: ba1e640935235e5fac39dfa816fe7660e72e1a8a
  Google: 813c467362eabc11385f5a5cc9ad0cb651a58f4e
  Google-Mobile-Ads-SDK: 542eb24c1ce6c8fd5084ee9572fd9dcd2d06065a
  GoogleAnalytics: f42cc53a87a51fe94334821868d9c8481ff47a7b
  GoogleInterchangeUtilities: d5bc4d88d5b661ab72f9d70c58d02ca8c27ad1f7
  GoogleSymbolUtilities: 631ee17048aa5e9ab133470d768ea997a5ef9b96
  GoogleUtilities: 8bbc733218aad26306f9d4a253823986110e3358
  iOSLogEntries: f7eb65033a09b8850e092d0aed3ad75d3553f1f1
  KDEAudioPlayer: c052553e051974a39fd2e5e07d7f575ea3f557c2

PODFILE CHECKSUM: be4f9ebe24a6757f622a65bfabaf8497d70a41b6

COCOAPODS: 1.0.1
