// !$*UTF8*$!
{
	archiveVersion = 1;
	classes = {
	};
	objectVersion = 46;
	objects = {

/* Begin PBXBuildFile section */
		6A3FCD44152C2C3B1E91A84A /* Pods_awtarika.framework in Frameworks */ = {isa = PBXBuildFile; fileRef = 4FD67ACDF1646C48184A4E1E /* Pods_awtarika.framework */; };
		E40B54E11CBC709800A2F414 /* AppDelegate.swift in Sources */ = {isa = PBXBuildFile; fileRef = E40B54E01CBC709800A2F414 /* AppDelegate.swift */; };
		E40B54E61CBC709800A2F414 /* Main.storyboard in Resources */ = {isa = PBXBuildFile; fileRef = E40B54E41CBC709800A2F414 /* Main.storyboard */; };
		E40B54E81CBC709800A2F414 /* Assets.xcassets in Resources */ = {isa = PBXBuildFile; fileRef = E40B54E71CBC709800A2F414 /* Assets.xcassets */; };
		E40B54F61CBC709800A2F414 /* awtarikaTests.swift in Sources */ = {isa = PBXBuildFile; fileRef = E40B54F51CBC709800A2F414 /* awtarikaTests.swift */; };
		E40B55011CBC709800A2F414 /* awtarikaUITests.swift in Sources */ = {isa = PBXBuildFile; fileRef = E40B55001CBC709800A2F414 /* awtarikaUITests.swift */; };
		E40B55111CBCB15E00A2F414 /* ArtistsListViewController.swift in Sources */ = {isa = PBXBuildFile; fileRef = E40B55101CBCB15E00A2F414 /* ArtistsListViewController.swift */; };
		E40B55131CBF264300A2F414 /* Artist.swift in Sources */ = {isa = PBXBuildFile; fileRef = E40B55121CBF264300A2F414 /* Artist.swift */; };
		E40B55191CBF94DD00A2F414 /* ArtistViewController.swift in Sources */ = {isa = PBXBuildFile; fileRef = E40B55181CBF94DD00A2F414 /* ArtistViewController.swift */; };
		E45BD2F81DAB61D2002EC821 /* GoogleService-Info.plist in Resources */ = {isa = PBXBuildFile; fileRef = E45BD2F71DAB61D2002EC821 /* GoogleService-Info.plist */; };
		E4608B0C1D7CF4E900AA65A9 /* Podfile in Resources */ = {isa = PBXBuildFile; fileRef = E4608B0B1D7CF4E900AA65A9 /* Podfile */; };
		E4608B0E1D7CFF6800AA65A9 /* PhotosDataManager.swift in Sources */ = {isa = PBXBuildFile; fileRef = E4608B0D1D7CFF6800AA65A9 /* PhotosDataManager.swift */; };
		E4608B111D87FBA900AA65A9 /* SongViewController.swift in Sources */ = {isa = PBXBuildFile; fileRef = E4608B101D87FBA800AA65A9 /* SongViewController.swift */; };
		E4608B131D88DB2E00AA65A9 /* Cartfile in Resources */ = {isa = PBXBuildFile; fileRef = E4608B121D88DB2E00AA65A9 /* Cartfile */; };
		E4608B151D88DD5200AA65A9 /* LNPopupController.framework in Frameworks */ = {isa = PBXBuildFile; fileRef = E4608B141D88DD5200AA65A9 /* LNPopupController.framework */; };
		E4608B181D88E00D00AA65A9 /* Cartfile.resolved in Resources */ = {isa = PBXBuildFile; fileRef = E4608B171D88E00D00AA65A9 /* Cartfile.resolved */; };
		E4608B1A1D88E34500AA65A9 /* PlayerViewController.swift in Sources */ = {isa = PBXBuildFile; fileRef = E4608B191D88E34500AA65A9 /* PlayerViewController.swift */; };
		E46AA9A41DA1DE9800EBED48 /* HashtagTableViewController.swift in Sources */ = {isa = PBXBuildFile; fileRef = E46AA9A31DA1DE9800EBED48 /* HashtagTableViewController.swift */; };
		E46AA9A61DA1EEFB00EBED48 /* DetailedSongTableViewCell.swift in Sources */ = {isa = PBXBuildFile; fileRef = E46AA9A51DA1EEFB00EBED48 /* DetailedSongTableViewCell.swift */; };
		E46DA3151D751977001D4EBC /* Song.swift in Sources */ = {isa = PBXBuildFile; fileRef = E46DA3141D751977001D4EBC /* Song.swift */; };
		E46DA3171D752265001D4EBC /* SongTableViewCell.swift in Sources */ = {isa = PBXBuildFile; fileRef = E46DA3161D752265001D4EBC /* SongTableViewCell.swift */; };
		E48EDC4A1DA5BDDC00ACBE1F /* GoogleAnalyticsManager.swift in Sources */ = {isa = PBXBuildFile; fileRef = E48EDC491DA5BDDC00ACBE1F /* GoogleAnalyticsManager.swift */; };
		E49E535D1D6A85AF000472F8 /* ArtistsCollectionViewCell.swift in Sources */ = {isa = PBXBuildFile; fileRef = E49E535C1D6A85AF000472F8 /* ArtistsCollectionViewCell.swift */; };
		E49E53621D6FBCFB000472F8 /* Constants.swift in Sources */ = {isa = PBXBuildFile; fileRef = E49E53611D6FBCFB000472F8 /* Constants.swift */; };
		E4B9EE6D1DA7C47900578171 /* Launch Screen.storyboard in Resources */ = {isa = PBXBuildFile; fileRef = E4B9EE6C1DA7C47900578171 /* Launch Screen.storyboard */; };
/* End PBXBuildFile section */

/* Begin PBXContainerItemProxy section */
		E40B54F21CBC709800A2F414 /* PBXContainerItemProxy */ = {
			isa = PBXContainerItemProxy;
			containerPortal = E40B54D51CBC709800A2F414 /* Project object */;
			proxyType = 1;
			remoteGlobalIDString = E40B54DC1CBC709800A2F414;
			remoteInfo = awtarika;
		};
		E40B54FD1CBC709800A2F414 /* PBXContainerItemProxy */ = {
			isa = PBXContainerItemProxy;
			containerPortal = E40B54D51CBC709800A2F414 /* Project object */;
			proxyType = 1;
			remoteGlobalIDString = E40B54DC1CBC709800A2F414;
			remoteInfo = awtarika;
		};
/* End PBXContainerItemProxy section */

/* Begin PBXFileReference section */
		3EFEC21EA20089078BD49B97 /* Pods-awtarika.debug.xcconfig */ = {isa = PBXFileReference; includeInIndex = 1; lastKnownFileType = text.xcconfig; name = "Pods-awtarika.debug.xcconfig"; path = "Pods/Target Support Files/Pods-awtarika/Pods-awtarika.debug.xcconfig"; sourceTree = "<group>"; };
		4FD67ACDF1646C48184A4E1E /* Pods_awtarika.framework */ = {isa = PBXFileReference; explicitFileType = wrapper.framework; includeInIndex = 0; path = Pods_awtarika.framework; sourceTree = BUILT_PRODUCTS_DIR; };
		DEAF1DA3412B74D6CD7864F5 /* Pods-awtarika.release.xcconfig */ = {isa = PBXFileReference; includeInIndex = 1; lastKnownFileType = text.xcconfig; name = "Pods-awtarika.release.xcconfig"; path = "Pods/Target Support Files/Pods-awtarika/Pods-awtarika.release.xcconfig"; sourceTree = "<group>"; };
		E40B54DD1CBC709800A2F414 /* awtarika.app */ = {isa = PBXFileReference; explicitFileType = wrapper.application; includeInIndex = 0; path = awtarika.app; sourceTree = BUILT_PRODUCTS_DIR; };
		E40B54E01CBC709800A2F414 /* AppDelegate.swift */ = {isa = PBXFileReference; lastKnownFileType = sourcecode.swift; path = AppDelegate.swift; sourceTree = "<group>"; };
		E40B54E51CBC709800A2F414 /* Base */ = {isa = PBXFileReference; lastKnownFileType = file.storyboard; name = Base; path = Base.lproj/Main.storyboard; sourceTree = "<group>"; };
		E40B54E71CBC709800A2F414 /* Assets.xcassets */ = {isa = PBXFileReference; lastKnownFileType = folder.assetcatalog; path = Assets.xcassets; sourceTree = "<group>"; };
		E40B54EC1CBC709800A2F414 /* Info.plist */ = {isa = PBXFileReference; lastKnownFileType = text.plist.xml; path = Info.plist; sourceTree = "<group>"; };
		E40B54F11CBC709800A2F414 /* awtarikaTests.xctest */ = {isa = PBXFileReference; explicitFileType = wrapper.cfbundle; includeInIndex = 0; path = awtarikaTests.xctest; sourceTree = BUILT_PRODUCTS_DIR; };
		E40B54F51CBC709800A2F414 /* awtarikaTests.swift */ = {isa = PBXFileReference; lastKnownFileType = sourcecode.swift; path = awtarikaTests.swift; sourceTree = "<group>"; };
		E40B54F71CBC709800A2F414 /* Info.plist */ = {isa = PBXFileReference; lastKnownFileType = text.plist.xml; path = Info.plist; sourceTree = "<group>"; };
		E40B54FC1CBC709800A2F414 /* awtarikaUITests.xctest */ = {isa = PBXFileReference; explicitFileType = wrapper.cfbundle; includeInIndex = 0; path = awtarikaUITests.xctest; sourceTree = BUILT_PRODUCTS_DIR; };
		E40B55001CBC709800A2F414 /* awtarikaUITests.swift */ = {isa = PBXFileReference; lastKnownFileType = sourcecode.swift; path = awtarikaUITests.swift; sourceTree = "<group>"; };
		E40B55021CBC709800A2F414 /* Info.plist */ = {isa = PBXFileReference; lastKnownFileType = text.plist.xml; path = Info.plist; sourceTree = "<group>"; };
		E40B55101CBCB15E00A2F414 /* ArtistsListViewController.swift */ = {isa = PBXFileReference; fileEncoding = 4; lastKnownFileType = sourcecode.swift; path = ArtistsListViewController.swift; sourceTree = "<group>"; };
		E40B55121CBF264300A2F414 /* Artist.swift */ = {isa = PBXFileReference; fileEncoding = 4; lastKnownFileType = sourcecode.swift; path = Artist.swift; sourceTree = "<group>"; };
		E40B55181CBF94DD00A2F414 /* ArtistViewController.swift */ = {isa = PBXFileReference; fileEncoding = 4; lastKnownFileType = sourcecode.swift; path = ArtistViewController.swift; sourceTree = "<group>"; };
		E425C1A51DA3837A006D1F80 /* BridgingHeader.h */ = {isa = PBXFileReference; lastKnownFileType = sourcecode.c.h; path = BridgingHeader.h; sourceTree = "<group>"; };
		E45BD2F71DAB61D2002EC821 /* GoogleService-Info.plist */ = {isa = PBXFileReference; fileEncoding = 4; lastKnownFileType = text.plist.xml; path = "GoogleService-Info.plist"; sourceTree = "<group>"; };
		E4608B0B1D7CF4E900AA65A9 /* Podfile */ = {isa = PBXFileReference; fileEncoding = 4; lastKnownFileType = text; path = Podfile; sourceTree = "<group>"; xcLanguageSpecificationIdentifier = xcode.lang.ruby; };
		E4608B0D1D7CFF6800AA65A9 /* PhotosDataManager.swift */ = {isa = PBXFileReference; fileEncoding = 4; lastKnownFileType = sourcecode.swift; path = PhotosDataManager.swift; sourceTree = "<group>"; };
		E4608B101D87FBA800AA65A9 /* SongViewController.swift */ = {isa = PBXFileReference; fileEncoding = 4; lastKnownFileType = sourcecode.swift; path = SongViewController.swift; sourceTree = "<group>"; };
		E4608B121D88DB2E00AA65A9 /* Cartfile */ = {isa = PBXFileReference; fileEncoding = 4; lastKnownFileType = text; path = Cartfile; sourceTree = "<group>"; };
		E4608B141D88DD5200AA65A9 /* LNPopupController.framework */ = {isa = PBXFileReference; lastKnownFileType = wrapper.framework; name = LNPopupController.framework; path = Carthage/Build/iOS/LNPopupController.framework; sourceTree = "<group>"; };
		E4608B171D88E00D00AA65A9 /* Cartfile.resolved */ = {isa = PBXFileReference; fileEncoding = 4; lastKnownFileType = text; path = Cartfile.resolved; sourceTree = "<group>"; };
		E4608B191D88E34500AA65A9 /* PlayerViewController.swift */ = {isa = PBXFileReference; fileEncoding = 4; lastKnownFileType = sourcecode.swift; path = PlayerViewController.swift; sourceTree = "<group>"; };
		E46AA9A31DA1DE9800EBED48 /* HashtagTableViewController.swift */ = {isa = PBXFileReference; fileEncoding = 4; lastKnownFileType = sourcecode.swift; path = HashtagTableViewController.swift; sourceTree = "<group>"; };
		E46AA9A51DA1EEFB00EBED48 /* DetailedSongTableViewCell.swift */ = {isa = PBXFileReference; fileEncoding = 4; lastKnownFileType = sourcecode.swift; path = DetailedSongTableViewCell.swift; sourceTree = "<group>"; };
		E46DA3141D751977001D4EBC /* Song.swift */ = {isa = PBXFileReference; fileEncoding = 4; lastKnownFileType = sourcecode.swift; path = Song.swift; sourceTree = "<group>"; };
		E46DA3161D752265001D4EBC /* SongTableViewCell.swift */ = {isa = PBXFileReference; fileEncoding = 4; lastKnownFileType = sourcecode.swift; path = SongTableViewCell.swift; sourceTree = "<group>"; };
		E48EDC491DA5BDDC00ACBE1F /* GoogleAnalyticsManager.swift */ = {isa = PBXFileReference; fileEncoding = 4; lastKnownFileType = sourcecode.swift; path = GoogleAnalyticsManager.swift; sourceTree = "<group>"; };
		E49E535C1D6A85AF000472F8 /* ArtistsCollectionViewCell.swift */ = {isa = PBXFileReference; fileEncoding = 4; lastKnownFileType = sourcecode.swift; path = ArtistsCollectionViewCell.swift; sourceTree = "<group>"; };
		E49E53611D6FBCFB000472F8 /* Constants.swift */ = {isa = PBXFileReference; fileEncoding = 4; lastKnownFileType = sourcecode.swift; path = Constants.swift; sourceTree = "<group>"; };
		E4B9EE6C1DA7C47900578171 /* Launch Screen.storyboard */ = {isa = PBXFileReference; fileEncoding = 4; lastKnownFileType = file.storyboard; path = "Launch Screen.storyboard"; sourceTree = "<group>"; };
/* End PBXFileReference section */

/* Begin PBXFrameworksBuildPhase section */
		E40B54DA1CBC709800A2F414 /* Frameworks */ = {
			isa = PBXFrameworksBuildPhase;
			buildActionMask = 2147483647;
			files = (
				E4608B151D88DD5200AA65A9 /* LNPopupController.framework in Frameworks */,
				6A3FCD44152C2C3B1E91A84A /* Pods_awtarika.framework in Frameworks */,
			);
			runOnlyForDeploymentPostprocessing = 0;
		};
		E40B54EE1CBC709800A2F414 /* Frameworks */ = {
			isa = PBXFrameworksBuildPhase;
			buildActionMask = 2147483647;
			files = (
			);
			runOnlyForDeploymentPostprocessing = 0;
		};
		E40B54F91CBC709800A2F414 /* Frameworks */ = {
			isa = PBXFrameworksBuildPhase;
			buildActionMask = 2147483647;
			files = (
			);
			runOnlyForDeploymentPostprocessing = 0;
		};
/* End PBXFrameworksBuildPhase section */

/* Begin PBXGroup section */
		1D216C64728C39A1E5DA9035 /* Pods */ = {
			isa = PBXGroup;
			children = (
				3EFEC21EA20089078BD49B97 /* Pods-awtarika.debug.xcconfig */,
				DEAF1DA3412B74D6CD7864F5 /* Pods-awtarika.release.xcconfig */,
			);
			name = Pods;
			sourceTree = "<group>";
		};
		42C99CD5AA7E71489034A6B5 /* Frameworks */ = {
			isa = PBXGroup;
			children = (
				E4608B141D88DD5200AA65A9 /* LNPopupController.framework */,
				4FD67ACDF1646C48184A4E1E /* Pods_awtarika.framework */,
			);
			name = Frameworks;
			sourceTree = "<group>";
		};
		E40B54D41CBC709800A2F414 = {
			isa = PBXGroup;
			children = (
				E4608B121D88DB2E00AA65A9 /* Cartfile */,
				E4608B171D88E00D00AA65A9 /* Cartfile.resolved */,
				E4608B0B1D7CF4E900AA65A9 /* Podfile */,
				E40B54DF1CBC709800A2F414 /* awtarika */,
				E40B54F41CBC709800A2F414 /* awtarikaTests */,
				E40B54FF1CBC709800A2F414 /* awtarikaUITests */,
				E40B54DE1CBC709800A2F414 /* Products */,
				1D216C64728C39A1E5DA9035 /* Pods */,
				42C99CD5AA7E71489034A6B5 /* Frameworks */,
			);
			sourceTree = "<group>";
		};
		E40B54DE1CBC709800A2F414 /* Products */ = {
			isa = PBXGroup;
			children = (
				E40B54DD1CBC709800A2F414 /* awtarika.app */,
				E40B54F11CBC709800A2F414 /* awtarikaTests.xctest */,
				E40B54FC1CBC709800A2F414 /* awtarikaUITests.xctest */,
			);
			name = Products;
			sourceTree = "<group>";
		};
		E40B54DF1CBC709800A2F414 /* awtarika */ = {
			isa = PBXGroup;
			children = (
				E40B54E01CBC709800A2F414 /* AppDelegate.swift */,
				E40B55121CBF264300A2F414 /* Artist.swift */,
				E46DA3141D751977001D4EBC /* Song.swift */,
				E40B54E41CBC709800A2F414 /* Main.storyboard */,
				E40B55101CBCB15E00A2F414 /* ArtistsListViewController.swift */,
				E49E535C1D6A85AF000472F8 /* ArtistsCollectionViewCell.swift */,
				E40B55181CBF94DD00A2F414 /* ArtistViewController.swift */,
				E46DA3161D752265001D4EBC /* SongTableViewCell.swift */,
				E4608B101D87FBA800AA65A9 /* SongViewController.swift */,
				E4608B191D88E34500AA65A9 /* PlayerViewController.swift */,
				E46AA9A31DA1DE9800EBED48 /* HashtagTableViewController.swift */,
				E46AA9A51DA1EEFB00EBED48 /* DetailedSongTableViewCell.swift */,
				E40B54E71CBC709800A2F414 /* Assets.xcassets */,
				E4B9EE6C1DA7C47900578171 /* Launch Screen.storyboard */,
				E40B54EC1CBC709800A2F414 /* Info.plist */,
				E45BD2F71DAB61D2002EC821 /* GoogleService-Info.plist */,
				E4608B0D1D7CFF6800AA65A9 /* PhotosDataManager.swift */,
				E48EDC491DA5BDDC00ACBE1F /* GoogleAnalyticsManager.swift */,
				E49E53611D6FBCFB000472F8 /* Constants.swift */,
				E425C1A51DA3837A006D1F80 /* BridgingHeader.h */,
			);
			path = awtarika;
			sourceTree = "<group>";
		};
		E40B54F41CBC709800A2F414 /* awtarikaTests */ = {
			isa = PBXGroup;
			children = (
				E40B54F51CBC709800A2F414 /* awtarikaTests.swift */,
				E40B54F71CBC709800A2F414 /* Info.plist */,
			);
			path = awtarikaTests;
			sourceTree = "<group>";
		};
		E40B54FF1CBC709800A2F414 /* awtarikaUITests */ = {
			isa = PBXGroup;
			children = (
				E40B55001CBC709800A2F414 /* awtarikaUITests.swift */,
				E40B55021CBC709800A2F414 /* Info.plist */,
			);
			path = awtarikaUITests;
			sourceTree = "<group>";
		};
/* End PBXGroup section */

/* Begin PBXNativeTarget section */
		E40B54DC1CBC709800A2F414 /* awtarika */ = {
			isa = PBXNativeTarget;
			buildConfigurationList = E40B55051CBC709800A2F414 /* Build configuration list for PBXNativeTarget "awtarika" */;
			buildPhases = (
				2E9FC275ACF2F8CCB369B7F6 /* [CP] Check Pods Manifest.lock */,
				E40B54D91CBC709800A2F414 /* Sources */,
				E40B54DA1CBC709800A2F414 /* Frameworks */,
				E40B54DB1CBC709800A2F414 /* Resources */,
				C945547C521E91F23D80D767 /* [CP] Embed Pods Frameworks */,
				88805C36223973A30D33D1B9 /* [CP] Copy Pods Resources */,
				E4608B161D88DD8300AA65A9 /* ShellScript */,
			);
			buildRules = (
			);
			dependencies = (
			);
			name = awtarika;
			productName = awtarika;
			productReference = E40B54DD1CBC709800A2F414 /* awtarika.app */;
			productType = "com.apple.product-type.application";
		};
		E40B54F01CBC709800A2F414 /* awtarikaTests */ = {
			isa = PBXNativeTarget;
			buildConfigurationList = E40B55081CBC709800A2F414 /* Build configuration list for PBXNativeTarget "awtarikaTests" */;
			buildPhases = (
				E40B54ED1CBC709800A2F414 /* Sources */,
				E40B54EE1CBC709800A2F414 /* Frameworks */,
				E40B54EF1CBC709800A2F414 /* Resources */,
			);
			buildRules = (
			);
			dependencies = (
				E40B54F31CBC709800A2F414 /* PBXTargetDependency */,
			);
			name = awtarikaTests;
			productName = awtarikaTests;
			productReference = E40B54F11CBC709800A2F414 /* awtarikaTests.xctest */;
			productType = "com.apple.product-type.bundle.unit-test";
		};
		E40B54FB1CBC709800A2F414 /* awtarikaUITests */ = {
			isa = PBXNativeTarget;
			buildConfigurationList = E40B550B1CBC709800A2F414 /* Build configuration list for PBXNativeTarget "awtarikaUITests" */;
			buildPhases = (
				E40B54F81CBC709800A2F414 /* Sources */,
				E40B54F91CBC709800A2F414 /* Frameworks */,
				E40B54FA1CBC709800A2F414 /* Resources */,
			);
			buildRules = (
			);
			dependencies = (
				E40B54FE1CBC709800A2F414 /* PBXTargetDependency */,
			);
			name = awtarikaUITests;
			productName = awtarikaUITests;
			productReference = E40B54FC1CBC709800A2F414 /* awtarikaUITests.xctest */;
			productType = "com.apple.product-type.bundle.ui-testing";
		};
/* End PBXNativeTarget section */

/* Begin PBXProject section */
		E40B54D51CBC709800A2F414 /* Project object */ = {
			isa = PBXProject;
			attributes = {
				LastSwiftUpdateCheck = 0730;
				LastUpgradeCheck = 0730;
				ORGANIZATIONNAME = "Anas Qadrei";
				TargetAttributes = {
					E40B54DC1CBC709800A2F414 = {
						CreatedOnToolsVersion = 7.3;
						DevelopmentTeam = KE252LHREX;
						SystemCapabilities = {
							com.apple.BackgroundModes = {
								enabled = 1;
							};
						};
					};
					E40B54F01CBC709800A2F414 = {
						CreatedOnToolsVersion = 7.3;
						TestTargetID = E40B54DC1CBC709800A2F414;
					};
					E40B54FB1CBC709800A2F414 = {
						CreatedOnToolsVersion = 7.3;
						TestTargetID = E40B54DC1CBC709800A2F414;
					};
				};
			};
			buildConfigurationList = E40B54D81CBC709800A2F414 /* Build configuration list for PBXProject "awtarika" */;
			compatibilityVersion = "Xcode 3.2";
			developmentRegion = English;
			hasScannedForEncodings = 0;
			knownRegions = (
				en,
				Base,
			);
			mainGroup = E40B54D41CBC709800A2F414;
			productRefGroup = E40B54DE1CBC709800A2F414 /* Products */;
			projectDirPath = "";
			projectRoot = "";
			targets = (
				E40B54DC1CBC709800A2F414 /* awtarika */,
				E40B54F01CBC709800A2F414 /* awtarikaTests */,
				E40B54FB1CBC709800A2F414 /* awtarikaUITests */,
			);
		};
/* End PBXProject section */

/* Begin PBXResourcesBuildPhase section */
		E40B54DB1CBC709800A2F414 /* Resources */ = {
			isa = PBXResourcesBuildPhase;
			buildActionMask = 2147483647;
			files = (
				E40B54E81CBC709800A2F414 /* Assets.xcassets in Resources */,
				E45BD2F81DAB61D2002EC821 /* GoogleService-Info.plist in Resources */,
				E4608B0C1D7CF4E900AA65A9 /* Podfile in Resources */,
				E4B9EE6D1DA7C47900578171 /* Launch Screen.storyboard in Resources */,
				E4608B131D88DB2E00AA65A9 /* Cartfile in Resources */,
				E4608B181D88E00D00AA65A9 /* Cartfile.resolved in Resources */,
				E40B54E61CBC709800A2F414 /* Main.storyboard in Resources */,
			);
			runOnlyForDeploymentPostprocessing = 0;
		};
		E40B54EF1CBC709800A2F414 /* Resources */ = {
			isa = PBXResourcesBuildPhase;
			buildActionMask = 2147483647;
			files = (
			);
			runOnlyForDeploymentPostprocessing = 0;
		};
		E40B54FA1CBC709800A2F414 /* Resources */ = {
			isa = PBXResourcesBuildPhase;
			buildActionMask = 2147483647;
			files = (
			);
			runOnlyForDeploymentPostprocessing = 0;
		};
/* End PBXResourcesBuildPhase section */

/* Begin PBXShellScriptBuildPhase section */
		2E9FC275ACF2F8CCB369B7F6 /* [CP] Check Pods Manifest.lock */ = {
			isa = PBXShellScriptBuildPhase;
			buildActionMask = 2147483647;
			files = (
			);
			inputPaths = (
			);
			name = "[CP] Check Pods Manifest.lock";
			outputPaths = (
			);
			runOnlyForDeploymentPostprocessing = 0;
			shellPath = /bin/sh;
			shellScript = "diff \"${PODS_ROOT}/../Podfile.lock\" \"${PODS_ROOT}/Manifest.lock\" > /dev/null\nif [[ $? != 0 ]] ; then\n    cat << EOM\nerror: The sandbox is not in sync with the Podfile.lock. Run 'pod install' or update your CocoaPods installation.\nEOM\n    exit 1\nfi\n";
			showEnvVarsInLog = 0;
		};
		88805C36223973A30D33D1B9 /* [CP] Copy Pods Resources */ = {
			isa = PBXShellScriptBuildPhase;
			buildActionMask = 2147483647;
			files = (
			);
			inputPaths = (
			);
			name = "[CP] Copy Pods Resources";
			outputPaths = (
			);
			runOnlyForDeploymentPostprocessing = 0;
			shellPath = /bin/sh;
			shellScript = "\"${SRCROOT}/Pods/Target Support Files/Pods-awtarika/Pods-awtarika-resources.sh\"\n";
			showEnvVarsInLog = 0;
		};
		C945547C521E91F23D80D767 /* [CP] Embed Pods Frameworks */ = {
			isa = PBXShellScriptBuildPhase;
			buildActionMask = 2147483647;
			files = (
			);
			inputPaths = (
			);
			name = "[CP] Embed Pods Frameworks";
			outputPaths = (
			);
			runOnlyForDeploymentPostprocessing = 0;
			shellPath = /bin/sh;
			shellScript = "\"${SRCROOT}/Pods/Target Support Files/Pods-awtarika/Pods-awtarika-frameworks.sh\"\n";
			showEnvVarsInLog = 0;
		};
		E4608B161D88DD8300AA65A9 /* ShellScript */ = {
			isa = PBXShellScriptBuildPhase;
			buildActionMask = 2147483647;
			files = (
			);
			inputPaths = (
				"$(SRCROOT)/Carthage/Build/iOS/LNPopupController.framework",
			);
			outputPaths = (
			);
			runOnlyForDeploymentPostprocessing = 0;
			shellPath = /bin/sh;
			shellScript = "/usr/local/bin/carthage copy-frameworks";
		};
/* End PBXShellScriptBuildPhase section */

/* Begin PBXSourcesBuildPhase section */
		E40B54D91CBC709800A2F414 /* Sources */ = {
			isa = PBXSourcesBuildPhase;
			buildActionMask = 2147483647;
			files = (
				E40B55111CBCB15E00A2F414 /* ArtistsListViewController.swift in Sources */,
				E40B55131CBF264300A2F414 /* Artist.swift in Sources */,
				E49E535D1D6A85AF000472F8 /* ArtistsCollectionViewCell.swift in Sources */,
				E48EDC4A1DA5BDDC00ACBE1F /* GoogleAnalyticsManager.swift in Sources */,
				E46DA3171D752265001D4EBC /* SongTableViewCell.swift in Sources */,
				E46AA9A41DA1DE9800EBED48 /* HashtagTableViewController.swift in Sources */,
				E40B55191CBF94DD00A2F414 /* ArtistViewController.swift in Sources */,
				E46DA3151D751977001D4EBC /* Song.swift in Sources */,
				E4608B0E1D7CFF6800AA65A9 /* PhotosDataManager.swift in Sources */,
				E4608B111D87FBA900AA65A9 /* SongViewController.swift in Sources */,
				E46AA9A61DA1EEFB00EBED48 /* DetailedSongTableViewCell.swift in Sources */,
				E49E53621D6FBCFB000472F8 /* Constants.swift in Sources */,
				E4608B1A1D88E34500AA65A9 /* PlayerViewController.swift in Sources */,
				E40B54E11CBC709800A2F414 /* AppDelegate.swift in Sources */,
			);
			runOnlyForDeploymentPostprocessing = 0;
		};
		E40B54ED1CBC709800A2F414 /* Sources */ = {
			isa = PBXSourcesBuildPhase;
			buildActionMask = 2147483647;
			files = (
				E40B54F61CBC709800A2F414 /* awtarikaTests.swift in Sources */,
			);
			runOnlyForDeploymentPostprocessing = 0;
		};
		E40B54F81CBC709800A2F414 /* Sources */ = {
			isa = PBXSourcesBuildPhase;
			buildActionMask = 2147483647;
			files = (
				E40B55011CBC709800A2F414 /* awtarikaUITests.swift in Sources */,
			);
			runOnlyForDeploymentPostprocessing = 0;
		};
/* End PBXSourcesBuildPhase section */

/* Begin PBXTargetDependency section */
		E40B54F31CBC709800A2F414 /* PBXTargetDependency */ = {
			isa = PBXTargetDependency;
			target = E40B54DC1CBC709800A2F414 /* awtarika */;
			targetProxy = E40B54F21CBC709800A2F414 /* PBXContainerItemProxy */;
		};
		E40B54FE1CBC709800A2F414 /* PBXTargetDependency */ = {
			isa = PBXTargetDependency;
			target = E40B54DC1CBC709800A2F414 /* awtarika */;
			targetProxy = E40B54FD1CBC709800A2F414 /* PBXContainerItemProxy */;
		};
/* End PBXTargetDependency section */

/* Begin PBXVariantGroup section */
		E40B54E41CBC709800A2F414 /* Main.storyboard */ = {
			isa = PBXVariantGroup;
			children = (
				E40B54E51CBC709800A2F414 /* Base */,
			);
			name = Main.storyboard;
			sourceTree = "<group>";
		};
/* End PBXVariantGroup section */

/* Begin XCBuildConfiguration section */
		E40B55031CBC709800A2F414 /* Debug */ = {
			isa = XCBuildConfiguration;
			buildSettings = {
				ALWAYS_SEARCH_USER_PATHS = NO;
				CLANG_ANALYZER_NONNULL = YES;
				CLANG_CXX_LANGUAGE_STANDARD = "gnu++0x";
				CLANG_CXX_LIBRARY = "libc++";
				CLANG_ENABLE_MODULES = YES;
				CLANG_ENABLE_OBJC_ARC = YES;
				CLANG_WARN_BOOL_CONVERSION = YES;
				CLANG_WARN_CONSTANT_CONVERSION = YES;
				CLANG_WARN_DIRECT_OBJC_ISA_USAGE = YES_ERROR;
				CLANG_WARN_EMPTY_BODY = YES;
				CLANG_WARN_ENUM_CONVERSION = YES;
				CLANG_WARN_INT_CONVERSION = YES;
				CLANG_WARN_OBJC_ROOT_CLASS = YES_ERROR;
				CLANG_WARN_UNREACHABLE_CODE = YES;
				CLANG_WARN__DUPLICATE_METHOD_MATCH = YES;
				"CODE_SIGN_IDENTITY[sdk=iphoneos*]" = "iPhone Developer";
				COPY_PHASE_STRIP = NO;
				DEBUG_INFORMATION_FORMAT = dwarf;
				ENABLE_STRICT_OBJC_MSGSEND = YES;
				ENABLE_TESTABILITY = YES;
				GCC_C_LANGUAGE_STANDARD = gnu99;
				GCC_DYNAMIC_NO_PIC = NO;
				GCC_NO_COMMON_BLOCKS = YES;
				GCC_OPTIMIZATION_LEVEL = 0;
				GCC_PREPROCESSOR_DEFINITIONS = (
					"DEBUG=1",
					"$(inherited)",
				);
				GCC_WARN_64_TO_32_BIT_CONVERSION = YES;
				GCC_WARN_ABOUT_RETURN_TYPE = YES_ERROR;
				GCC_WARN_UNDECLARED_SELECTOR = YES;
				GCC_WARN_UNINITIALIZED_AUTOS = YES_AGGRESSIVE;
				GCC_WARN_UNUSED_FUNCTION = YES;
				GCC_WARN_UNUSED_VARIABLE = YES;
				IPHONEOS_DEPLOYMENT_TARGET = 9.3;
				MTL_ENABLE_DEBUG_INFO = YES;
				ONLY_ACTIVE_ARCH = YES;
				SDKROOT = iphoneos;
				SWIFT_OBJC_BRIDGING_HEADER = awtarika/BridgingHeader.h;
				SWIFT_OPTIMIZATION_LEVEL = "-Onone";
				TARGETED_DEVICE_FAMILY = "1,2";
			};
			name = Debug;
		};
		E40B55041CBC709800A2F414 /* Release */ = {
			isa = XCBuildConfiguration;
			buildSettings = {
				ALWAYS_SEARCH_USER_PATHS = NO;
				CLANG_ANALYZER_NONNULL = YES;
				CLANG_CXX_LANGUAGE_STANDARD = "gnu++0x";
				CLANG_CXX_LIBRARY = "libc++";
				CLANG_ENABLE_MODULES = YES;
				CLANG_ENABLE_OBJC_ARC = YES;
				CLANG_WARN_BOOL_CONVERSION = YES;
				CLANG_WARN_CONSTANT_CONVERSION = YES;
				CLANG_WARN_DIRECT_OBJC_ISA_USAGE = YES_ERROR;
				CLANG_WARN_EMPTY_BODY = YES;
				CLANG_WARN_ENUM_CONVERSION = YES;
				CLANG_WARN_INT_CONVERSION = YES;
				CLANG_WARN_OBJC_ROOT_CLASS = YES_ERROR;
				CLANG_WARN_UNREACHABLE_CODE = YES;
				CLANG_WARN__DUPLICATE_METHOD_MATCH = YES;
				"CODE_SIGN_IDENTITY[sdk=iphoneos*]" = "iPhone Developer";
				COPY_PHASE_STRIP = NO;
				DEBUG_INFORMATION_FORMAT = "dwarf-with-dsym";
				ENABLE_NS_ASSERTIONS = NO;
				ENABLE_STRICT_OBJC_MSGSEND = YES;
				GCC_C_LANGUAGE_STANDARD = gnu99;
				GCC_NO_COMMON_BLOCKS = YES;
				GCC_WARN_64_TO_32_BIT_CONVERSION = YES;
				GCC_WARN_ABOUT_RETURN_TYPE = YES_ERROR;
				GCC_WARN_UNDECLARED_SELECTOR = YES;
				GCC_WARN_UNINITIALIZED_AUTOS = YES_AGGRESSIVE;
				GCC_WARN_UNUSED_FUNCTION = YES;
				GCC_WARN_UNUSED_VARIABLE = YES;
				IPHONEOS_DEPLOYMENT_TARGET = 9.3;
				MTL_ENABLE_DEBUG_INFO = NO;
				SDKROOT = iphoneos;
				SWIFT_OBJC_BRIDGING_HEADER = awtarika/BridgingHeader.h;
				TARGETED_DEVICE_FAMILY = "1,2";
				VALIDATE_PRODUCT = YES;
			};
			name = Release;
		};
		E40B55061CBC709800A2F414 /* Debug */ = {
			isa = XCBuildConfiguration;
			baseConfigurationReference = 3EFEC21EA20089078BD49B97 /* Pods-awtarika.debug.xcconfig */;
			buildSettings = {
				ASSETCATALOG_COMPILER_APPICON_NAME = AppIcon;
				CODE_SIGN_IDENTITY = "iPhone Developer";
				"CODE_SIGN_IDENTITY[sdk=iphoneos*]" = "iPhone Developer";
				FRAMEWORK_SEARCH_PATHS = (
					"$(inherited)",
					"$(PROJECT_DIR)/Carthage/Build/iOS",
				);
				INFOPLIST_FILE = awtarika/Info.plist;
				IPHONEOS_DEPLOYMENT_TARGET = 9.0;
				LD_RUNPATH_SEARCH_PATHS = "$(inherited) @executable_path/Frameworks";
				PRODUCT_BUNDLE_IDENTIFIER = com.awtarika.ios.app.production;
				PRODUCT_NAME = "$(TARGET_NAME)";
				PROVISIONING_PROFILE = "";
			};
			name = Debug;
		};
		E40B55071CBC709800A2F414 /* Release */ = {
			isa = XCBuildConfiguration;
			baseConfigurationReference = DEAF1DA3412B74D6CD7864F5 /* Pods-awtarika.release.xcconfig */;
			buildSettings = {
				ASSETCATALOG_COMPILER_APPICON_NAME = AppIcon;
				CODE_SIGN_IDENTITY = "iPhone Developer";
				"CODE_SIGN_IDENTITY[sdk=iphoneos*]" = "iPhone Developer";
				FRAMEWORK_SEARCH_PATHS = (
					"$(inherited)",
					"$(PROJECT_DIR)/Carthage/Build/iOS",
				);
				INFOPLIST_FILE = awtarika/Info.plist;
				IPHONEOS_DEPLOYMENT_TARGET = 9.0;
				LD_RUNPATH_SEARCH_PATHS = "$(inherited) @executable_path/Frameworks";
				PRODUCT_BUNDLE_IDENTIFIER = com.awtarika.ios.app.production;
				PRODUCT_NAME = "$(TARGET_NAME)";
				PROVISIONING_PROFILE = "";
			};
			name = Release;
		};
		E40B55091CBC709800A2F414 /* Debug */ = {
			isa = XCBuildConfiguration;
			buildSettings = {
				BUNDLE_LOADER = "$(TEST_HOST)";
				INFOPLIST_FILE = awtarikaTests/Info.plist;
				LD_RUNPATH_SEARCH_PATHS = "$(inherited) @executable_path/Frameworks @loader_path/Frameworks";
				PRODUCT_BUNDLE_IDENTIFIER = com.anasqadrei.awtarikaTests;
				PRODUCT_NAME = "$(TARGET_NAME)";
				TEST_HOST = "$(BUILT_PRODUCTS_DIR)/awtarika.app/awtarika";
			};
			name = Debug;
		};
		E40B550A1CBC709800A2F414 /* Release */ = {
			isa = XCBuildConfiguration;
			buildSettings = {
				BUNDLE_LOADER = "$(TEST_HOST)";
				INFOPLIST_FILE = awtarikaTests/Info.plist;
				LD_RUNPATH_SEARCH_PATHS = "$(inherited) @executable_path/Frameworks @loader_path/Frameworks";
				PRODUCT_BUNDLE_IDENTIFIER = com.anasqadrei.awtarikaTests;
				PRODUCT_NAME = "$(TARGET_NAME)";
				TEST_HOST = "$(BUILT_PRODUCTS_DIR)/awtarika.app/awtarika";
			};
			name = Release;
		};
		E40B550C1CBC709800A2F414 /* Debug */ = {
			isa = XCBuildConfiguration;
			buildSettings = {
				INFOPLIST_FILE = awtarikaUITests/Info.plist;
				LD_RUNPATH_SEARCH_PATHS = "$(inherited) @executable_path/Frameworks @loader_path/Frameworks";
				PRODUCT_BUNDLE_IDENTIFIER = com.anasqadrei.awtarikaUITests;
				PRODUCT_NAME = "$(TARGET_NAME)";
				TEST_TARGET_NAME = awtarika;
			};
			name = Debug;
		};
		E40B550D1CBC709800A2F414 /* Release */ = {
			isa = XCBuildConfiguration;
			buildSettings = {
				INFOPLIST_FILE = awtarikaUITests/Info.plist;
				LD_RUNPATH_SEARCH_PATHS = "$(inherited) @executable_path/Frameworks @loader_path/Frameworks";
				PRODUCT_BUNDLE_IDENTIFIER = com.anasqadrei.awtarikaUITests;
				PRODUCT_NAME = "$(TARGET_NAME)";
				TEST_TARGET_NAME = awtarika;
			};
			name = Release;
		};
/* End XCBuildConfiguration section */

/* Begin XCConfigurationList section */
		E40B54D81CBC709800A2F414 /* Build configuration list for PBXProject "awtarika" */ = {
			isa = XCConfigurationList;
			buildConfigurations = (
				E40B55031CBC709800A2F414 /* Debug */,
				E40B55041CBC709800A2F414 /* Release */,
			);
			defaultConfigurationIsVisible = 0;
			defaultConfigurationName = Release;
		};
		E40B55051CBC709800A2F414 /* Build configuration list for PBXNativeTarget "awtarika" */ = {
			isa = XCConfigurationList;
			buildConfigurations = (
				E40B55061CBC709800A2F414 /* Debug */,
				E40B55071CBC709800A2F414 /* Release */,
			);
			defaultConfigurationIsVisible = 0;
			defaultConfigurationName = Release;
		};
		E40B55081CBC709800A2F414 /* Build configuration list for PBXNativeTarget "awtarikaTests" */ = {
			isa = XCConfigurationList;
			buildConfigurations = (
				E40B55091CBC709800A2F414 /* Debug */,
				E40B550A1CBC709800A2F414 /* Release */,
			);
			defaultConfigurationIsVisible = 0;
			defaultConfigurationName = Release;
		};
		E40B550B1CBC709800A2F414 /* Build configuration list for PBXNativeTarget "awtarikaUITests" */ = {
			isa = XCConfigurationList;
			buildConfigurations = (
				E40B550C1CBC709800A2F414 /* Debug */,
				E40B550D1CBC709800A2F414 /* Release */,
			);
			defaultConfigurationIsVisible = 0;
			defaultConfigurationName = Release;
		};
/* End XCConfigurationList section */
	};
	rootObject = E40B54D51CBC709800A2F414 /* Project object */;
}
